// !$*UTF8*$!
{
	archiveVersion = 1;
	classes = {
	};
	objectVersion = 46;
	objects = {

/* Begin PBXBuildFile section */
		7F2FE0E5204CDEB900683D58 /* AppDelegate.swift in Sources */ = {isa = PBXBuildFile; fileRef = 7F2FE0E4204CDEB900683D58 /* AppDelegate.swift */; };
		7F2FE0E7204CDEB900683D58 /* ViewController.swift in Sources */ = {isa = PBXBuildFile; fileRef = 7F2FE0E6204CDEB900683D58 /* ViewController.swift */; };
		7F2FE0EA204CDEB900683D58 /* Main.storyboard in Resources */ = {isa = PBXBuildFile; fileRef = 7F2FE0E8204CDEB900683D58 /* Main.storyboard */; };
		7F2FE0EC204CDEB900683D58 /* Assets.xcassets in Resources */ = {isa = PBXBuildFile; fileRef = 7F2FE0EB204CDEB900683D58 /* Assets.xcassets */; };
		7F2FE0EF204CDEB900683D58 /* LaunchScreen.storyboard in Resources */ = {isa = PBXBuildFile; fileRef = 7F2FE0ED204CDEB900683D58 /* LaunchScreen.storyboard */; };
		7F2FE0FA204CDEB900683D58 /* SwiftDelegateTests.swift in Sources */ = {isa = PBXBuildFile; fileRef = 7F2FE0F9204CDEB900683D58 /* SwiftDelegateTests.swift */; };
		7F2FE105204CDEB900683D58 /* SwiftDelegateUITests.swift in Sources */ = {isa = PBXBuildFile; fileRef = 7F2FE104204CDEB900683D58 /* SwiftDelegateUITests.swift */; };
		7F2FE113204CDEF400683D58 /* FirstViewController.swift in Sources */ = {isa = PBXBuildFile; fileRef = 7F2FE112204CDEF400683D58 /* FirstViewController.swift */; };
/* End PBXBuildFile section */

/* Begin PBXContainerItemProxy section */
		7F2FE0F6204CDEB900683D58 /* PBXContainerItemProxy */ = {
			isa = PBXContainerItemProxy;
			containerPortal = 7F2FE0D9204CDEB800683D58 /* Project object */;
			proxyType = 1;
			remoteGlobalIDString = 7F2FE0E0204CDEB900683D58;
			remoteInfo = SwiftDelegate;
		};
		7F2FE101204CDEB900683D58 /* PBXContainerItemProxy */ = {
			isa = PBXContainerItemProxy;
			containerPortal = 7F2FE0D9204CDEB800683D58 /* Project object */;
			proxyType = 1;
			remoteGlobalIDString = 7F2FE0E0204CDEB900683D58;
			remoteInfo = SwiftDelegate;
		};
/* End PBXContainerItemProxy section */

/* Begin PBXFileReference section */
		7F2FE0E1204CDEB900683D58 /* SwiftDelegate.app */ = {isa = PBXFileReference; explicitFileType = wrapper.application; includeInIndex = 0; path = SwiftDelegate.app; sourceTree = BUILT_PRODUCTS_DIR; };
		7F2FE0E4204CDEB900683D58 /* AppDelegate.swift */ = {isa = PBXFileReference; lastKnownFileType = sourcecode.swift; path = AppDelegate.swift; sourceTree = "<group>"; };
		7F2FE0E6204CDEB900683D58 /* ViewController.swift */ = {isa = PBXFileReference; lastKnownFileType = sourcecode.swift; path = ViewController.swift; sourceTree = "<group>"; };
		7F2FE0E9204CDEB900683D58 /* Base */ = {isa = PBXFileReference; lastKnownFileType = file.storyboard; name = Base; path = Base.lproj/Main.storyboard; sourceTree = "<group>"; };
		7F2FE0EB204CDEB900683D58 /* Assets.xcassets */ = {isa = PBXFileReference; lastKnownFileType = folder.assetcatalog; path = Assets.xcassets; sourceTree = "<group>"; };
		7F2FE0EE204CDEB900683D58 /* Base */ = {isa = PBXFileReference; lastKnownFileType = file.storyboard; name = Base; path = Base.lproj/LaunchScreen.storyboard; sourceTree = "<group>"; };
		7F2FE0F0204CDEB900683D58 /* Info.plist */ = {isa = PBXFileReference; lastKnownFileType = text.plist.xml; path = Info.plist; sourceTree = "<group>"; };
		7F2FE0F5204CDEB900683D58 /* SwiftDelegateTests.xctest */ = {isa = PBXFileReference; explicitFileType = wrapper.cfbundle; includeInIndex = 0; path = SwiftDelegateTests.xctest; sourceTree = BUILT_PRODUCTS_DIR; };
		7F2FE0F9204CDEB900683D58 /* SwiftDelegateTests.swift */ = {isa = PBXFileReference; lastKnownFileType = sourcecode.swift; path = SwiftDelegateTests.swift; sourceTree = "<group>"; };
		7F2FE0FB204CDEB900683D58 /* Info.plist */ = {isa = PBXFileReference; lastKnownFileType = text.plist.xml; path = Info.plist; sourceTree = "<group>"; };
		7F2FE100204CDEB900683D58 /* SwiftDelegateUITests.xctest */ = {isa = PBXFileReference; explicitFileType = wrapper.cfbundle; includeInIndex = 0; path = SwiftDelegateUITests.xctest; sourceTree = BUILT_PRODUCTS_DIR; };
		7F2FE104204CDEB900683D58 /* SwiftDelegateUITests.swift */ = {isa = PBXFileReference; lastKnownFileType = sourcecode.swift; path = SwiftDelegateUITests.swift; sourceTree = "<group>"; };
		7F2FE106204CDEB900683D58 /* Info.plist */ = {isa = PBXFileReference; lastKnownFileType = text.plist.xml; path = Info.plist; sourceTree = "<group>"; };
		7F2FE112204CDEF400683D58 /* FirstViewController.swift */ = {isa = PBXFileReference; fileEncoding = 4; lastKnownFileType = sourcecode.swift; path = FirstViewController.swift; sourceTree = "<group>"; };
/* End PBXFileReference section */

/* Begin PBXFrameworksBuildPhase section */
		7F2FE0DE204CDEB900683D58 /* Frameworks */ = {
			isa = PBXFrameworksBuildPhase;
			buildActionMask = 2147483647;
			files = (
			);
			runOnlyForDeploymentPostprocessing = 0;
		};
		7F2FE0F2204CDEB900683D58 /* Frameworks */ = {
			isa = PBXFrameworksBuildPhase;
			buildActionMask = 2147483647;
			files = (
			);
			runOnlyForDeploymentPostprocessing = 0;
		};
		7F2FE0FD204CDEB900683D58 /* Frameworks */ = {
			isa = PBXFrameworksBuildPhase;
			buildActionMask = 2147483647;
			files = (
			);
			runOnlyForDeploymentPostprocessing = 0;
		};
/* End PBXFrameworksBuildPhase section */

/* Begin PBXGroup section */
		7F2FE0D8204CDEB800683D58 = {
			isa = PBXGroup;
			children = (
				7F2FE0E3204CDEB900683D58 /* SwiftDelegate */,
				7F2FE0F8204CDEB900683D58 /* SwiftDelegateTests */,
				7F2FE103204CDEB900683D58 /* SwiftDelegateUITests */,
				7F2FE0E2204CDEB900683D58 /* Products */,
			);
			sourceTree = "<group>";
		};
		7F2FE0E2204CDEB900683D58 /* Products */ = {
			isa = PBXGroup;
			children = (
				7F2FE0E1204CDEB900683D58 /* SwiftDelegate.app */,
				7F2FE0F5204CDEB900683D58 /* SwiftDelegateTests.xctest */,
				7F2FE100204CDEB900683D58 /* SwiftDelegateUITests.xctest */,
			);
			name = Products;
			sourceTree = "<group>";
		};
		7F2FE0E3204CDEB900683D58 /* SwiftDelegate */ = {
			isa = PBXGroup;
			children = (
				7F2FE0E4204CDEB900683D58 /* AppDelegate.swift */,
				7F2FE0E6204CDEB900683D58 /* ViewController.swift */,
				7F2FE112204CDEF400683D58 /* FirstViewController.swift */,
				7F2FE0E8204CDEB900683D58 /* Main.storyboard */,
				7F2FE0EB204CDEB900683D58 /* Assets.xcassets */,
				7F2FE0ED204CDEB900683D58 /* LaunchScreen.storyboard */,
				7F2FE0F0204CDEB900683D58 /* Info.plist */,
			);
			path = SwiftDelegate;
			sourceTree = "<group>";
		};
		7F2FE0F8204CDEB900683D58 /* SwiftDelegateTests */ = {
			isa = PBXGroup;
			children = (
				7F2FE0F9204CDEB900683D58 /* SwiftDelegateTests.swift */,
				7F2FE0FB204CDEB900683D58 /* Info.plist */,
			);
			path = SwiftDelegateTests;
			sourceTree = "<group>";
		};
		7F2FE103204CDEB900683D58 /* SwiftDelegateUITests */ = {
			isa = PBXGroup;
			children = (
				7F2FE104204CDEB900683D58 /* SwiftDelegateUITests.swift */,
				7F2FE106204CDEB900683D58 /* Info.plist */,
			);
			path = SwiftDelegateUITests;
			sourceTree = "<group>";
		};
/* End PBXGroup section */

/* Begin PBXNativeTarget section */
		7F2FE0E0204CDEB900683D58 /* SwiftDelegate */ = {
			isa = PBXNativeTarget;
			buildConfigurationList = 7F2FE109204CDEB900683D58 /* Build configuration list for PBXNativeTarget "SwiftDelegate" */;
			buildPhases = (
				7F2FE0DD204CDEB900683D58 /* Sources */,
				7F2FE0DE204CDEB900683D58 /* Frameworks */,
				7F2FE0DF204CDEB900683D58 /* Resources */,
			);
			buildRules = (
			);
			dependencies = (
			);
			name = SwiftDelegate;
			productName = SwiftDelegate;
			productReference = 7F2FE0E1204CDEB900683D58 /* SwiftDelegate.app */;
			productType = "com.apple.product-type.application";
		};
		7F2FE0F4204CDEB900683D58 /* SwiftDelegateTests */ = {
			isa = PBXNativeTarget;
			buildConfigurationList = 7F2FE10C204CDEB900683D58 /* Build configuration list for PBXNativeTarget "SwiftDelegateTests" */;
			buildPhases = (
				7F2FE0F1204CDEB900683D58 /* Sources */,
				7F2FE0F2204CDEB900683D58 /* Frameworks */,
				7F2FE0F3204CDEB900683D58 /* Resources */,
			);
			buildRules = (
			);
			dependencies = (
				7F2FE0F7204CDEB900683D58 /* PBXTargetDependency */,
			);
			name = SwiftDelegateTests;
			productName = SwiftDelegateTests;
			productReference = 7F2FE0F5204CDEB900683D58 /* SwiftDelegateTests.xctest */;
			productType = "com.apple.product-type.bundle.unit-test";
		};
		7F2FE0FF204CDEB900683D58 /* SwiftDelegateUITests */ = {
			isa = PBXNativeTarget;
			buildConfigurationList = 7F2FE10F204CDEB900683D58 /* Build configuration list for PBXNativeTarget "SwiftDelegateUITests" */;
			buildPhases = (
				7F2FE0FC204CDEB900683D58 /* Sources */,
				7F2FE0FD204CDEB900683D58 /* Frameworks */,
				7F2FE0FE204CDEB900683D58 /* Resources */,
			);
			buildRules = (
			);
			dependencies = (
				7F2FE102204CDEB900683D58 /* PBXTargetDependency */,
			);
			name = SwiftDelegateUITests;
			productName = SwiftDelegateUITests;
			productReference = 7F2FE100204CDEB900683D58 /* SwiftDelegateUITests.xctest */;
			productType = "com.apple.product-type.bundle.ui-testing";
		};
/* End PBXNativeTarget section */

/* Begin PBXProject section */
		7F2FE0D9204CDEB800683D58 /* Project object */ = {
			isa = PBXProject;
			attributes = {
				LastSwiftUpdateCheck = 0830;
				LastUpgradeCheck = 0830;
				ORGANIZATIONNAME = "云中科技";
				TargetAttributes = {
					7F2FE0E0204CDEB900683D58 = {
						CreatedOnToolsVersion = 8.3.3;
						DevelopmentTeam = FRX25KEXK8;
						ProvisioningStyle = Automatic;
					};
					7F2FE0F4204CDEB900683D58 = {
						CreatedOnToolsVersion = 8.3.3;
						ProvisioningStyle = Automatic;
						TestTargetID = 7F2FE0E0204CDEB900683D58;
					};
					7F2FE0FF204CDEB900683D58 = {
						CreatedOnToolsVersion = 8.3.3;
						ProvisioningStyle = Automatic;
						TestTargetID = 7F2FE0E0204CDEB900683D58;
					};
				};
			};
			buildConfigurationList = 7F2FE0DC204CDEB800683D58 /* Build configuration list for PBXProject "SwiftDelegate" */;
			compatibilityVersion = "Xcode 3.2";
			developmentRegion = English;
			hasScannedForEncodings = 0;
			knownRegions = (
				en,
				Base,
			);
			mainGroup = 7F2FE0D8204CDEB800683D58;
			productRefGroup = 7F2FE0E2204CDEB900683D58 /* Products */;
			projectDirPath = "";
			projectRoot = "";
			targets = (
				7F2FE0E0204CDEB900683D58 /* SwiftDelegate */,
				7F2FE0F4204CDEB900683D58 /* SwiftDelegateTests */,
				7F2FE0FF204CDEB900683D58 /* SwiftDelegateUITests */,
			);
		};
/* End PBXProject section */

/* Begin PBXResourcesBuildPhase section */
		7F2FE0DF204CDEB900683D58 /* Resources */ = {
			isa = PBXResourcesBuildPhase;
			buildActionMask = 2147483647;
			files = (
				7F2FE0EF204CDEB900683D58 /* LaunchScreen.storyboard in Resources */,
				7F2FE0EC204CDEB900683D58 /* Assets.xcassets in Resources */,
				7F2FE0EA204CDEB900683D58 /* Main.storyboard in Resources */,
			);
			runOnlyForDeploymentPostprocessing = 0;
		};
		7F2FE0F3204CDEB900683D58 /* Resources */ = {
			isa = PBXResourcesBuildPhase;
			buildActionMask = 2147483647;
			files = (
			);
			runOnlyForDeploymentPostprocessing = 0;
		};
		7F2FE0FE204CDEB900683D58 /* Resources */ = {
			isa = PBXResourcesBuildPhase;
			buildActionMask = 2147483647;
			files = (
			);
			runOnlyForDeploymentPostprocessing = 0;
		};
/* End PBXResourcesBuildPhase section */

/* Begin PBXSourcesBuildPhase section */
		7F2FE0DD204CDEB900683D58 /* Sources */ = {
			isa = PBXSourcesBuildPhase;
			buildActionMask = 2147483647;
			files = (
				7F2FE113204CDEF400683D58 /* FirstViewController.swift in Sources */,
				7F2FE0E7204CDEB900683D58 /* ViewController.swift in Sources */,
				7F2FE0E5204CDEB900683D58 /* AppDelegate.swift in Sources */,
			);
			runOnlyForDeploymentPostprocessing = 0;
		};
		7F2FE0F1204CDEB900683D58 /* Sources */ = {
			isa = PBXSourcesBuildPhase;
			buildActionMask = 2147483647;
			files = (
				7F2FE0FA204CDEB900683D58 /* SwiftDelegateTests.swift in Sources */,
			);
			runOnlyForDeploymentPostprocessing = 0;
		};
		7F2FE0FC204CDEB900683D58 /* Sources */ = {
			isa = PBXSourcesBuildPhase;
			buildActionMask = 2147483647;
			files = (
				7F2FE105204CDEB900683D58 /* SwiftDelegateUITests.swift in Sources */,
			);
			runOnlyForDeploymentPostprocessing = 0;
		};
/* End PBXSourcesBuildPhase section */

/* Begin PBXTargetDependency section */
		7F2FE0F7204CDEB900683D58 /* PBXTargetDependency */ = {
			isa = PBXTargetDependency;
			target = 7F2FE0E0204CDEB900683D58 /* SwiftDelegate */;
			targetProxy = 7F2FE0F6204CDEB900683D58 /* PBXContainerItemProxy */;
		};
		7F2FE102204CDEB900683D58 /* PBXTargetDependency */ = {
			isa = PBXTargetDependency;
			target = 7F2FE0E0204CDEB900683D58 /* SwiftDelegate */;
			targetProxy = 7F2FE101204CDEB900683D58 /* PBXContainerItemProxy */;
		};
/* End PBXTargetDependency section */

/* Begin PBXVariantGroup section */
		7F2FE0E8204CDEB900683D58 /* Main.storyboard */ = {
			isa = PBXVariantGroup;
			children = (
				7F2FE0E9204CDEB900683D58 /* Base */,
			);
			name = Main.storyboard;
			sourceTree = "<group>";
		};
		7F2FE0ED204CDEB900683D58 /* LaunchScreen.storyboard */ = {
			isa = PBXVariantGroup;
			children = (
				7F2FE0EE204CDEB900683D58 /* Base */,
			);
			name = LaunchScreen.storyboard;
			sourceTree = "<group>";
		};
/* End PBXVariantGroup section */

/* Begin XCBuildConfiguration section */
		7F2FE107204CDEB900683D58 /* Debug */ = {
			isa = XCBuildConfiguration;
			buildSettings = {
				ALWAYS_SEARCH_USER_PATHS = NO;
				CLANG_ANALYZER_NONNULL = YES;
				CLANG_ANALYZER_NUMBER_OBJECT_CONVERSION = YES_AGGRESSIVE;
				CLANG_CXX_LANGUAGE_STANDARD = "gnu++0x";
				CLANG_CXX_LIBRARY = "libc++";
				CLANG_ENABLE_MODULES = YES;
				CLANG_ENABLE_OBJC_ARC = YES;
				CLANG_WARN_BOOL_CONVERSION = YES;
				CLANG_WARN_CONSTANT_CONVERSION = YES;
				CLANG_WARN_DIRECT_OBJC_ISA_USAGE = YES_ERROR;
				CLANG_WARN_DOCUMENTATION_COMMENTS = YES;
				CLANG_WARN_EMPTY_BODY = YES;
				CLANG_WARN_ENUM_CONVERSION = YES;
				CLANG_WARN_INFINITE_RECURSION = YES;
				CLANG_WARN_INT_CONVERSION = YES;
				CLANG_WARN_OBJC_ROOT_CLASS = YES_ERROR;
				CLANG_WARN_SUSPICIOUS_MOVE = YES;
				CLANG_WARN_UNREACHABLE_CODE = YES;
				CLANG_WARN__DUPLICATE_METHOD_MATCH = YES;
				"CODE_SIGN_IDENTITY[sdk=iphoneos*]" = "iPhone Developer";
				COPY_PHASE_STRIP = NO;
				DEBUG_INFORMATION_FORMAT = dwarf;
				ENABLE_STRICT_OBJC_MSGSEND = YES;
				ENABLE_TESTABILITY = YES;
				GCC_C_LANGUAGE_STANDARD = gnu99;
				GCC_DYNAMIC_NO_PIC = NO;
				GCC_NO_COMMON_BLOCKS = YES;
				GCC_OPTIMIZATION_LEVEL = 0;
				GCC_PREPROCESSOR_DEFINITIONS = (
					"DEBUG=1",
					"$(inherited)",
				);
				GCC_WARN_64_TO_32_BIT_CONVERSION = YES;
				GCC_WARN_ABOUT_RETURN_TYPE = YES_ERROR;
				GCC_WARN_UNDECLARED_SELECTOR = YES;
				GCC_WARN_UNINITIALIZED_AUTOS = YES_AGGRESSIVE;
				GCC_WARN_UNUSED_FUNCTION = YES;
				GCC_WARN_UNUSED_VARIABLE = YES;
				IPHONEOS_DEPLOYMENT_TARGET = 10.3;
				MTL_ENABLE_DEBUG_INFO = YES;
				ONLY_ACTIVE_ARCH = YES;
				SDKROOT = iphoneos;
				SWIFT_ACTIVE_COMPILATION_CONDITIONS = DEBUG;
				SWIFT_OPTIMIZATION_LEVEL = "-Onone";
			};
			name = Debug;
		};
		7F2FE108204CDEB900683D58 /* Release */ = {
			isa = XCBuildConfiguration;
			buildSettings = {
				ALWAYS_SEARCH_USER_PATHS = NO;
				CLANG_ANALYZER_NONNULL = YES;
				CLANG_ANALYZER_NUMBER_OBJECT_CONVERSION = YES_AGGRESSIVE;
				CLANG_CXX_LANGUAGE_STANDARD = "gnu++0x";
				CLANG_CXX_LIBRARY = "libc++";
				CLANG_ENABLE_MODULES = YES;
				CLANG_ENABLE_OBJC_ARC = YES;
				CLANG_WARN_BOOL_CONVERSION = YES;
				CLANG_WARN_CONSTANT_CONVERSION = YES;
				CLANG_WARN_DIRECT_OBJC_ISA_USAGE = YES_ERROR;
				CLANG_WARN_DOCUMENTATION_COMMENTS = YES;
				CLANG_WARN_EMPTY_BODY = YES;
				CLANG_WARN_ENUM_CONVERSION = YES;
				CLANG_WARN_INFINITE_RECURSION = YES;
				CLANG_WARN_INT_CONVERSION = YES;
				CLANG_WARN_OBJC_ROOT_CLASS = YES_ERROR;
				CLANG_WARN_SUSPICIOUS_MOVE = YES;
				CLANG_WARN_UNREACHABLE_CODE = YES;
				CLANG_WARN__DUPLICATE_METHOD_MATCH = YES;
				"CODE_SIGN_IDENTITY[sdk=iphoneos*]" = "iPhone Developer";
				COPY_PHASE_STRIP = NO;
				DEBUG_INFORMATION_FORMAT = "dwarf-with-dsym";
				ENABLE_NS_ASSERTIONS = NO;
				ENABLE_STRICT_OBJC_MSGSEND = YES;
				GCC_C_LANGUAGE_STANDARD = gnu99;
				GCC_NO_COMMON_BLOCKS = YES;
				GCC_WARN_64_TO_32_BIT_CONVERSION = YES;
				GCC_WARN_ABOUT_RETURN_TYPE = YES_ERROR;
				GCC_WARN_UNDECLARED_SELECTOR = YES;
				GCC_WARN_UNINITIALIZED_AUTOS = YES_AGGRESSIVE;
				GCC_WARN_UNUSED_FUNCTION = YES;
				GCC_WARN_UNUSED_VARIABLE = YES;
				IPHONEOS_DEPLOYMENT_TARGET = 10.3;
				MTL_ENABLE_DEBUG_INFO = NO;
				SDKROOT = iphoneos;
				SWIFT_OPTIMIZATION_LEVEL = "-Owholemodule";
				VALIDATE_PRODUCT = YES;
			};
			name = Release;
		};
		7F2FE10A204CDEB900683D58 /* Debug */ = {
			isa = XCBuildConfiguration;
			buildSettings = {
				ASSETCATALOG_COMPILER_APPICON_NAME = AppIcon;
				DEVELOPMENT_TEAM = FRX25KEXK8;
				INFOPLIST_FILE = SwiftDelegate/Info.plist;
				LD_RUNPATH_SEARCH_PATHS = "$(inherited) @executable_path/Frameworks";
				PRODUCT_BUNDLE_IDENTIFIER = abner.SwiftDelegate;
				PRODUCT_NAME = "$(TARGET_NAME)";
				SWIFT_VERSION = 3.0;
			};
			name = Debug;
		};
		7F2FE10B204CDEB900683D58 /* Release */ = {
			isa = XCBuildConfiguration;
			buildSettings = {
				ASSETCATALOG_COMPILER_APPICON_NAME = AppIcon;
				DEVELOPMENT_TEAM = FRX25KEXK8;
				INFOPLIST_FILE = SwiftDelegate/Info.plist;
				LD_RUNPATH_SEARCH_PATHS = "$(inherited) @executable_path/Frameworks";
				PRODUCT_BUNDLE_IDENTIFIER = abner.SwiftDelegate;
				PRODUCT_NAME = "$(TARGET_NAME)";
				SWIFT_VERSION = 3.0;
			};
			name = Release;
		};
		7F2FE10D204CDEB900683D58 /* Debug */ = {
			isa = XCBuildConfiguration;
			buildSettings = {
				ALWAYS_EMBED_SWIFT_STANDARD_LIBRARIES = YES;
				BUNDLE_LOADER = "$(TEST_HOST)";
				INFOPLIST_FILE = SwiftDelegateTests/Info.plist;
				LD_RUNPATH_SEARCH_PATHS = "$(inherited) @executable_path/Frameworks @loader_path/Frameworks";
				PRODUCT_BUNDLE_IDENTIFIER = abner.SwiftDelegateTests;
				PRODUCT_NAME = "$(TARGET_NAME)";
				SWIFT_VERSION = 3.0;
				TEST_HOST = "$(BUILT_PRODUCTS_DIR)/SwiftDelegate.app/SwiftDelegate";
			};
			name = Debug;
		};
		7F2FE10E204CDEB900683D58 /* Release */ = {
			isa = XCBuildConfiguration;
			buildSettings = {
				ALWAYS_EMBED_SWIFT_STANDARD_LIBRARIES = YES;
				BUNDLE_LOADER = "$(TEST_HOST)";
				INFOPLIST_FILE = SwiftDelegateTests/Info.plist;
				LD_RUNPATH_SEARCH_PATHS = "$(inherited) @executable_path/Frameworks @loader_path/Frameworks";
				PRODUCT_BUNDLE_IDENTIFIER = abner.SwiftDelegateTests;
				PRODUCT_NAME = "$(TARGET_NAME)";
				SWIFT_VERSION = 3.0;
				TEST_HOST = "$(BUILT_PRODUCTS_DIR)/SwiftDelegate.app/SwiftDelegate";
			};
			name = Release;
		};
		7F2FE110204CDEB900683D58 /* Debug */ = {
			isa = XCBuildConfiguration;
			buildSettings = {
				ALWAYS_EMBED_SWIFT_STANDARD_LIBRARIES = YES;
				INFOPLIST_FILE = SwiftDelegateUITests/Info.plist;
				LD_RUNPATH_SEARCH_PATHS = "$(inherited) @executable_path/Frameworks @loader_path/Frameworks";
				PRODUCT_BUNDLE_IDENTIFIER = abner.SwiftDelegateUITests;
				PRODUCT_NAME = "$(TARGET_NAME)";
				SWIFT_VERSION = 3.0;
				TEST_TARGET_NAME = SwiftDelegate;
			};
			name = Debug;
		};
		7F2FE111204CDEB900683D58 /* Release */ = {
			isa = XCBuildConfiguration;
			buildSettings = {
				ALWAYS_EMBED_SWIFT_STANDARD_LIBRARIES = YES;
				INFOPLIST_FILE = SwiftDelegateUITests/Info.plist;
				LD_RUNPATH_SEARCH_PATHS = "$(inherited) @executable_path/Frameworks @loader_path/Frameworks";
				PRODUCT_BUNDLE_IDENTIFIER = abner.SwiftDelegateUITests;
				PRODUCT_NAME = "$(TARGET_NAME)";
				SWIFT_VERSION = 3.0;
				TEST_TARGET_NAME = SwiftDelegate;
			};
			name = Release;
		};
/* End XCBuildConfiguration section */

/* Begin XCConfigurationList section */
		7F2FE0DC204CDEB800683D58 /* Build configuration list for PBXProject "SwiftDelegate" */ = {
			isa = XCConfigurationList;
			buildConfigurations = (
				7F2FE107204CDEB900683D58 /* Debug */,
				7F2FE108204CDEB900683D58 /* Release */,
			);
			defaultConfigurationIsVisible = 0;
			defaultConfigurationName = Release;
		};
		7F2FE109204CDEB900683D58 /* Build configuration list for PBXNativeTarget "SwiftDelegate" */ = {
			isa = XCConfigurationList;
			buildConfigurations = (
				7F2FE10A204CDEB900683D58 /* Debug */,
				7F2FE10B204CDEB900683D58 /* Release */,
			);
			defaultConfigurationIsVisible = 0;
		};
		7F2FE10C204CDEB900683D58 /* Build configuration list for PBXNativeTarget "SwiftDelegateTests" */ = {
			isa = XCConfigurationList;
			buildConfigurations = (
				7F2FE10D204CDEB900683D58 /* Debug */,
				7F2FE10E204CDEB900683D58 /* Release */,
			);
			defaultConfigurationIsVisible = 0;
		};
		7F2FE10F204CDEB900683D58 /* Build configuration list for PBXNativeTarget "SwiftDelegateUITests" */ = {
			isa = XCConfigurationList;
			buildConfigurations = (
				7F2FE110204CDEB900683D58 /* Debug */,
				7F2FE111204CDEB900683D58 /* Release */,
			);
			defaultConfigurationIsVisible = 0;
		};
/* End XCConfigurationList section */
	};
	rootObject = 7F2FE0D9204CDEB800683D58 /* Project object */;
}
